<?xml version="1.0" encoding="utf-8"?>
<Project ToolsVersion="4.0" xmlns="http://schemas.microsoft.com/developer/msbuild/2003">
  <ItemGroup>
    <Filter Include="源文件">
      <UniqueIdentifier>{4FC737F1-C7A5-4376-A066-2A32D752A2FF}</UniqueIdentifier>
      <Extensions>cpp;c;cc;cxx;c++;cppm;ixx;def;odl;idl;hpj;bat;asm;asmx</Extensions>
    </Filter>
    <Filter Include="头文件">
      <UniqueIdentifier>{93995380-89BD-4b04-88EB-625FBE52EBFB}</UniqueIdentifier>
      <Extensions>h;hh;hpp;hxx;h++;hm;inl;inc;ipp;xsd</Extensions>
    </Filter>
    <Filter Include="资源文件">
      <UniqueIdentifier>{67DA6AB6-F800-4c08-8B7A-83BB121AAD01}</UniqueIdentifier>
      <Extensions>rc;ico;cur;bmp;dlg;rc2;rct;bin;rgs;gif;jpg;jpeg;jpe;resx;tiff;tif;png;wav;mfcribbon-ms</Extensions>
    </Filter>
  </ItemGroup>
  <ItemGroup>
    <ClCompile Include="StudentManagerSystem.cpp">
      <Filter>源文件</Filter>
    </ClCompile>
    <ClCompile Include="CourseManager.cpp">
      <Filter>源文件</Filter>
    </ClCompile>
    <ClCompile Include="Student.cpp">
      <Filter>源文件</Filter>
    </ClCompile>
    <ClCompile Include="Utils.cpp">
      <Filter>源文件</Filter>
    </ClCompile>
    <ClCompile Include="Course.cpp">
      <Filter>源文件</Filter>
    </ClCompile>
    <ClCompile Include="Grade.cpp">
      <Filter>源文件</Filter>
    </ClCompile>
    <ClCompile Include="GradeManager.cpp">
      <Filter>源文件</Filter>
    </ClCompile>
    <ClCompile Include="StudentManager.cpp">
      <Filter>源文件</Filter>
    </ClCompile>
    <ClCompile Include="Menu.cpp">
      <Filter>源文件</Filter>
    </ClCompile>
    <ClCompile Include="MyList.cpp">
      <Filter>源文件</Filter>
    </ClCompile>
  </ItemGroup>
  <ItemGroup>
    <Text Include="CourseInfo.txt">
      <Filter>资源文件</Filter>
    </Text>
    <Text Include="Grade.txt">
      <Filter>资源文件</Filter>
    </Text>
    <Text Include="StudentInfo.txt">
      <Filter>资源文件</Filter>
    </Text>
  </ItemGroup>
  <ItemGroup>
    <ClInclude Include="CourseManager.h">
      <Filter>头文件</Filter>
    </ClInclude>
    <ClInclude Include="Student.h">
      <Filter>头文件</Filter>
    </ClInclude>
    <ClInclude Include="Utils.h">
      <Filter>头文件</Filter>
    </ClInclude>
    <ClInclude Include="Course.h">
      <Filter>头文件</Filter>
    </ClInclude>
    <ClInclude Include="Grade.h">
      <Filter>头文件</Filter>
    </ClInclude>
    <ClInclude Include="GradeManager.h">
      <Filter>头文件</Filter>
    </ClInclude>
    <ClInclude Include="StudentManager.h">
      <Filter>头文件</Filter>
    </ClInclude>
    <ClInclude Include="Menu.h">
      <Filter>头文件</Filter>
    </ClInclude>
    <ClInclude Include="MyList.h">
      <Filter>头文件</Filter>
    </ClInclude>
  </ItemGroup>
</Project>